
Microsoft Visual Studio Solution File, Format Version 12.00
# Visual Studio 2013
VisualStudioVersion = 12.0.31101.0
MinimumVisualStudioVersion = 10.0.40219.1
Project("{159641D6-6404-4A2A-AE62-294DE0FE8301}") = "WeatherTrackerETL", "WeatherTrackerETL\WeatherTrackerETL.dtproj", "{6E719C7B-214A-44CA-81C9-D2DB08255CE3}"
EndProject
Project("{2150E333-8FDC-42A3-9474-1A3956D46DE8}") = "Scripts", "Scripts", "{7DE26545-59D5-4134-BE90-151FBF4692DB}"
	ProjectSection(SolutionItems) = preProject
		Scripts\test.sql = Scripts\test.sql
		Scripts\WeatherHistory.txt = Scripts\WeatherHistory.txt
	EndProjectSection
EndProject
Project("{D2ABAB84-BF74-430A-B69E-9DC6D40DDA17}") = "WeatherTrackerCubes", "WeatherTrackerCubes\WeatherTrackerCubes.dwproj", "{799ECA53-4B14-48AA-8BC1-504D632E8BEB}"
EndProject
Project("{F14B399A-7131-4C87-9E4B-1186C45EF12D}") = "WeatherTrackerReports", "WeatherTrackerReports\WeatherTrackerReports.rptproj", "{A26D3363-0485-4EC8-903E-1FBC8EAAE61E}"
EndProject
Project("{2150E333-8FDC-42A3-9474-1A3956D46DE8}") = "Solution Items", "Solution Items", "{5EA8BDDE-A8AF-4FAB-A868-79595000E324}"
	ProjectSection(SolutionItems) = preProject
		README.md = README.md
	EndProjectSection
EndProject
Project("{FAE04EC0-301F-11D3-BF4B-00C04F79EFBC}") = "TestDisplayReports", "TestDisplayReports\TestDisplayReports.csproj", "{4AA407E1-A045-4F3A-90BA-3B85E63FC75E}"
EndProject
Global
	GlobalSection(SolutionConfigurationPlatforms) = preSolution
		Debug|Any CPU = Debug|Any CPU
		DebugLocal|Any CPU = DebugLocal|Any CPU
		Development|Any CPU = Development|Any CPU
		Release|Any CPU = Release|Any CPU
	EndGlobalSection
	GlobalSection(ProjectConfigurationPlatforms) = postSolution
		{6E719C7B-214A-44CA-81C9-D2DB08255CE3}.Debug|Any CPU.ActiveCfg = Development
		{6E719C7B-214A-44CA-81C9-D2DB08255CE3}.Debug|Any CPU.Build.0 = Development
		{6E719C7B-214A-44CA-81C9-D2DB08255CE3}.DebugLocal|Any CPU.ActiveCfg = Development
		{6E719C7B-214A-44CA-81C9-D2DB08255CE3}.DebugLocal|Any CPU.Build.0 = Development
		{6E719C7B-214A-44CA-81C9-D2DB08255CE3}.Development|Any CPU.ActiveCfg = Development
		{6E719C7B-214A-44CA-81C9-D2DB08255CE3}.Development|Any CPU.Build.0 = Development
		{6E719C7B-214A-44CA-81C9-D2DB08255CE3}.Release|Any CPU.ActiveCfg = Development
		{6E719C7B-214A-44CA-81C9-D2DB08255CE3}.Release|Any CPU.Build.0 = Development
		{799ECA53-4B14-48AA-8BC1-504D632E8BEB}.Debug|Any CPU.ActiveCfg = Development
		{799ECA53-4B14-48AA-8BC1-504D632E8BEB}.Debug|Any CPU.Build.0 = Development
		{799ECA53-4B14-48AA-8BC1-504D632E8BEB}.Debug|Any CPU.Deploy.0 = Development
		{799ECA53-4B14-48AA-8BC1-504D632E8BEB}.DebugLocal|Any CPU.ActiveCfg = Development
		{799ECA53-4B14-48AA-8BC1-504D632E8BEB}.DebugLocal|Any CPU.Build.0 = Development
		{799ECA53-4B14-48AA-8BC1-504D632E8BEB}.DebugLocal|Any CPU.Deploy.0 = Development
		{799ECA53-4B14-48AA-8BC1-504D632E8BEB}.Development|Any CPU.ActiveCfg = Development
		{799ECA53-4B14-48AA-8BC1-504D632E8BEB}.Development|Any CPU.Build.0 = Development
		{799ECA53-4B14-48AA-8BC1-504D632E8BEB}.Development|Any CPU.Deploy.0 = Development
		{799ECA53-4B14-48AA-8BC1-504D632E8BEB}.Release|Any CPU.ActiveCfg = Development
		{799ECA53-4B14-48AA-8BC1-504D632E8BEB}.Release|Any CPU.Build.0 = Development
		{799ECA53-4B14-48AA-8BC1-504D632E8BEB}.Release|Any CPU.Deploy.0 = Development
		{A26D3363-0485-4EC8-903E-1FBC8EAAE61E}.Debug|Any CPU.ActiveCfg = Debug
		{A26D3363-0485-4EC8-903E-1FBC8EAAE61E}.Debug|Any CPU.Build.0 = Debug
		{A26D3363-0485-4EC8-903E-1FBC8EAAE61E}.Debug|Any CPU.Deploy.0 = Debug
		{A26D3363-0485-4EC8-903E-1FBC8EAAE61E}.DebugLocal|Any CPU.ActiveCfg = DebugLocal
		{A26D3363-0485-4EC8-903E-1FBC8EAAE61E}.DebugLocal|Any CPU.Build.0 = DebugLocal
		{A26D3363-0485-4EC8-903E-1FBC8EAAE61E}.DebugLocal|Any CPU.Deploy.0 = DebugLocal
		{A26D3363-0485-4EC8-903E-1FBC8EAAE61E}.Development|Any CPU.ActiveCfg = DebugLocal
		{A26D3363-0485-4EC8-903E-1FBC8EAAE61E}.Development|Any CPU.Build.0 = DebugLocal
		{A26D3363-0485-4EC8-903E-1FBC8EAAE61E}.Development|Any CPU.Deploy.0 = DebugLocal
		{A26D3363-0485-4EC8-903E-1FBC8EAAE61E}.Release|Any CPU.ActiveCfg = Release
		{A26D3363-0485-4EC8-903E-1FBC8EAAE61E}.Release|Any CPU.Build.0 = Release
		{A26D3363-0485-4EC8-903E-1FBC8EAAE61E}.Release|Any CPU.Deploy.0 = Release
		{4AA407E1-A045-4F3A-90BA-3B85E63FC75E}.Debug|Any CPU.ActiveCfg = Debug|Any CPU
		{4AA407E1-A045-4F3A-90BA-3B85E63FC75E}.Debug|Any CPU.Build.0 = Debug|Any CPU
		{4AA407E1-A045-4F3A-90BA-3B85E63FC75E}.DebugLocal|Any CPU.ActiveCfg = Debug|Any CPU
		{4AA407E1-A045-4F3A-90BA-3B85E63FC75E}.DebugLocal|Any CPU.Build.0 = Debug|Any CPU
		{4AA407E1-A045-4F3A-90BA-3B85E63FC75E}.Development|Any CPU.ActiveCfg = Debug|Any CPU
		{4AA407E1-A045-4F3A-90BA-3B85E63FC75E}.Development|Any CPU.Build.0 = Debug|Any CPU
		{4AA407E1-A045-4F3A-90BA-3B85E63FC75E}.Release|Any CPU.ActiveCfg = Release|Any CPU
		{4AA407E1-A045-4F3A-90BA-3B85E63FC75E}.Release|Any CPU.Build.0 = Release|Any CPU
	EndGlobalSection
	GlobalSection(SolutionProperties) = preSolution
		HideSolutionNode = FALSE
	EndGlobalSection
EndGlobal
